
Microsoft Visual Studio Solution File, Format Version 12.00
# Visual Studio Version 16
VisualStudioVersion = 16.0.29009.5
MinimumVisualStudioVersion = 10.0.40219.1
Project("{9A19103F-16F7-4668-BE54-9A1E7A4F7556}") = "RemoveLettersByIndex", "RemoveLettersByIndex.csproj", "{CC00E8AC-9259-4D9B-B90E-9C0ECF108E9F}"
EndProject
Project("{9A19103F-16F7-4668-BE54-9A1E7A4F7556}") = "RemoveExclamationMarks", "..\RemoveExclamationMarks\RemoveExclamationMarks.csproj", "{4F5DF248-BB5C-4CC6-B29C-99A6863767B8}"
EndProject
Project("{9A19103F-16F7-4668-BE54-9A1E7A4F7556}") = "ToFly", "..\ToFly\ToFly.csproj", "{EC75863D-566A-4C4A-BA60-0BBFEB5BB036}"
EndProject
Global
	GlobalSection(SolutionConfigurationPlatforms) = preSolution
		Debug|Any CPU = Debug|Any CPU
		Release|Any CPU = Release|Any CPU
	EndGlobalSection
	GlobalSection(ProjectConfigurationPlatforms) = postSolution
		{CC00E8AC-9259-4D9B-B90E-9C0ECF108E9F}.Debug|Any CPU.ActiveCfg = Debug|Any CPU
		{CC00E8AC-9259-4D9B-B90E-9C0ECF108E9F}.Debug|Any CPU.Build.0 = Debug|Any CPU
		{CC00E8AC-9259-4D9B-B90E-9C0ECF108E9F}.Release|Any CPU.ActiveCfg = Release|Any CPU
		{CC00E8AC-9259-4D9B-B90E-9C0ECF108E9F}.Release|Any CPU.Build.0 = Release|Any CPU
		{4F5DF248-BB5C-4CC6-B29C-99A6863767B8}.Debug|Any CPU.ActiveCfg = Debug|Any CPU
		{4F5DF248-BB5C-4CC6-B29C-99A6863767B8}.Debug|Any CPU.Build.0 = Debug|Any CPU
		{4F5DF248-BB5C-4CC6-B29C-99A6863767B8}.Release|Any CPU.ActiveCfg = Release|Any CPU
		{4F5DF248-BB5C-4CC6-B29C-99A6863767B8}.Release|Any CPU.Build.0 = Release|Any CPU
		{EC75863D-566A-4C4A-BA60-0BBFEB5BB036}.Debug|Any CPU.ActiveCfg = Debug|Any CPU
		{EC75863D-566A-4C4A-BA60-0BBFEB5BB036}.Debug|Any CPU.Build.0 = Debug|Any CPU
		{EC75863D-566A-4C4A-BA60-0BBFEB5BB036}.Release|Any CPU.ActiveCfg = Release|Any CPU
		{EC75863D-566A-4C4A-BA60-0BBFEB5BB036}.Release|Any CPU.Build.0 = Release|Any CPU
	EndGlobalSection
	GlobalSection(SolutionProperties) = preSolution
		HideSolutionNode = FALSE
	EndGlobalSection
	GlobalSection(ExtensibilityGlobals) = postSolution
		SolutionGuid = {3695A777-A993-4265-B184-DDBA783218BD}
	EndGlobalSection
EndGlobal
