
Microsoft Visual Studio Solution File, Format Version 12.00
# Visual Studio Version 16
VisualStudioVersion = 16.0.29009.5
MinimumVisualStudioVersion = 10.0.40219.1
Project("{FAE04EC0-301F-11D3-BF4B-00C04F79EFBC}") = "OOP", "OOP.csproj", "{BF58157C-A582-4D0C-854E-E2352E60A300}"
EndProject
Global
	GlobalSection(SolutionConfigurationPlatforms) = preSolution
		Debug|Any CPU = Debug|Any CPU
		Release|Any CPU = Release|Any CPU
	EndGlobalSection
	GlobalSection(ProjectConfigurationPlatforms) = postSolution
		{BF58157C-A582-4D0C-854E-E2352E60A300}.Debug|Any CPU.ActiveCfg = Debug|Any CPU
		{BF58157C-A582-4D0C-854E-E2352E60A300}.Debug|Any CPU.Build.0 = Debug|Any CPU
		{BF58157C-A582-4D0C-854E-E2352E60A300}.Release|Any CPU.ActiveCfg = Release|Any CPU
		{BF58157C-A582-4D0C-854E-E2352E60A300}.Release|Any CPU.Build.0 = Release|Any CPU
	EndGlobalSection
	GlobalSection(SolutionProperties) = preSolution
		HideSolutionNode = FALSE
	EndGlobalSection
	GlobalSection(ExtensibilityGlobals) = postSolution
		SolutionGuid = {A76C704A-78FC-4C31-A757-F39D2121347A}
	EndGlobalSection
EndGlobal
