
Microsoft Visual Studio Solution File, Format Version 12.00
# Visual Studio Version 16
VisualStudioVersion = 16.0.29009.5
MinimumVisualStudioVersion = 10.0.40219.1
Project("{9A19103F-16F7-4668-BE54-9A1E7A4F7556}") = "PetProject", "PetProject.csproj", "{ACBD2527-BABB-4225-BE49-5E01A89B8303}"
EndProject
Project("{9A19103F-16F7-4668-BE54-9A1E7A4F7556}") = "OperationWithStrings", "..\OperationWithStrings\OperationWithStrings.csproj", "{46EEDBE6-B63E-4248-B733-088FBF7A7B8D}"
EndProject
Project("{9A19103F-16F7-4668-BE54-9A1E7A4F7556}") = "LoopsArrays", "..\LoopsArrays\LoopsArrays.csproj", "{2D76338B-D195-4748-9DC3-F23E43D8DCDA}"
EndProject
Project("{9A19103F-16F7-4668-BE54-9A1E7A4F7556}") = "SimpleTasksWithLoopsAndConditions", "..\SimpleTasksWithLoopsAndConditions\SimpleTasksWithLoopsAndConditions.csproj", "{EC43908A-1960-4749-8D22-D97FB8B50FBC}"
EndProject
Project("{2150E333-8FDC-42A3-9474-1A3956D46DE8}") = "CatAndDogYearsCalculator", "CatAndDogYearsCalculator", "{344EE6A3-9612-4BA4-A2B0-B9B5B43AF93F}"
EndProject
Project("{9A19103F-16F7-4668-BE54-9A1E7A4F7556}") = "CADCalcTests", "..\CADCalcTests\CADCalcTests.csproj", "{5EB76546-6624-40C9-9F7D-445A0B4539CF}"
EndProject
Project("{9A19103F-16F7-4668-BE54-9A1E7A4F7556}") = "EnterAndPrintString", "..\EnterAndPrintString\EnterAndPrintString.csproj", "{6BE99A26-52A5-471B-B471-1E77E7F4A47E}"
EndProject
Project("{9A19103F-16F7-4668-BE54-9A1E7A4F7556}") = "WinTheLottery2.0", "..\WinTheLottery2.0\WinTheLottery2.0.csproj", "{6A4AB78C-F7BD-43D3-953D-384503912845}"
EndProject
Project("{9A19103F-16F7-4668-BE54-9A1E7A4F7556}") = "TriangleAreaCalculator", "..\TriangleAreaCalculator\TriangleAreaCalculator.csproj", "{8F905395-CBE0-44AA-A228-AF917E6BEC00}"
EndProject
Project("{9A19103F-16F7-4668-BE54-9A1E7A4F7556}") = "TriangleAreaCalculate2.0", "..\TriangleAreaCalculate2.0\TriangleAreaCalculate2.0.csproj", "{041360D5-12D5-4B39-9F60-3BC497778270}"
EndProject
Project("{FAE04EC0-301F-11D3-BF4B-00C04F79EFBC}") = "RefOutIntro", "..\RefOutIntro\RefOutIntro.csproj", "{B02498EE-151A-48BB-8C40-FA1ABD595E08}"
EndProject
Global
	GlobalSection(SolutionConfigurationPlatforms) = preSolution
		Debug|Any CPU = Debug|Any CPU
		Release|Any CPU = Release|Any CPU
	EndGlobalSection
	GlobalSection(ProjectConfigurationPlatforms) = postSolution
		{ACBD2527-BABB-4225-BE49-5E01A89B8303}.Debug|Any CPU.ActiveCfg = Debug|Any CPU
		{ACBD2527-BABB-4225-BE49-5E01A89B8303}.Debug|Any CPU.Build.0 = Debug|Any CPU
		{ACBD2527-BABB-4225-BE49-5E01A89B8303}.Release|Any CPU.ActiveCfg = Release|Any CPU
		{ACBD2527-BABB-4225-BE49-5E01A89B8303}.Release|Any CPU.Build.0 = Release|Any CPU
		{46EEDBE6-B63E-4248-B733-088FBF7A7B8D}.Debug|Any CPU.ActiveCfg = Debug|Any CPU
		{46EEDBE6-B63E-4248-B733-088FBF7A7B8D}.Debug|Any CPU.Build.0 = Debug|Any CPU
		{46EEDBE6-B63E-4248-B733-088FBF7A7B8D}.Release|Any CPU.ActiveCfg = Release|Any CPU
		{46EEDBE6-B63E-4248-B733-088FBF7A7B8D}.Release|Any CPU.Build.0 = Release|Any CPU
		{2D76338B-D195-4748-9DC3-F23E43D8DCDA}.Debug|Any CPU.ActiveCfg = Debug|Any CPU
		{2D76338B-D195-4748-9DC3-F23E43D8DCDA}.Debug|Any CPU.Build.0 = Debug|Any CPU
		{2D76338B-D195-4748-9DC3-F23E43D8DCDA}.Release|Any CPU.ActiveCfg = Release|Any CPU
		{2D76338B-D195-4748-9DC3-F23E43D8DCDA}.Release|Any CPU.Build.0 = Release|Any CPU
		{EC43908A-1960-4749-8D22-D97FB8B50FBC}.Debug|Any CPU.ActiveCfg = Debug|Any CPU
		{EC43908A-1960-4749-8D22-D97FB8B50FBC}.Debug|Any CPU.Build.0 = Debug|Any CPU
		{EC43908A-1960-4749-8D22-D97FB8B50FBC}.Release|Any CPU.ActiveCfg = Release|Any CPU
		{EC43908A-1960-4749-8D22-D97FB8B50FBC}.Release|Any CPU.Build.0 = Release|Any CPU
		{5EB76546-6624-40C9-9F7D-445A0B4539CF}.Debug|Any CPU.ActiveCfg = Debug|Any CPU
		{5EB76546-6624-40C9-9F7D-445A0B4539CF}.Debug|Any CPU.Build.0 = Debug|Any CPU
		{5EB76546-6624-40C9-9F7D-445A0B4539CF}.Release|Any CPU.ActiveCfg = Release|Any CPU
		{5EB76546-6624-40C9-9F7D-445A0B4539CF}.Release|Any CPU.Build.0 = Release|Any CPU
		{6BE99A26-52A5-471B-B471-1E77E7F4A47E}.Debug|Any CPU.ActiveCfg = Debug|Any CPU
		{6BE99A26-52A5-471B-B471-1E77E7F4A47E}.Debug|Any CPU.Build.0 = Debug|Any CPU
		{6BE99A26-52A5-471B-B471-1E77E7F4A47E}.Release|Any CPU.ActiveCfg = Release|Any CPU
		{6BE99A26-52A5-471B-B471-1E77E7F4A47E}.Release|Any CPU.Build.0 = Release|Any CPU
		{6A4AB78C-F7BD-43D3-953D-384503912845}.Debug|Any CPU.ActiveCfg = Debug|Any CPU
		{6A4AB78C-F7BD-43D3-953D-384503912845}.Debug|Any CPU.Build.0 = Debug|Any CPU
		{6A4AB78C-F7BD-43D3-953D-384503912845}.Release|Any CPU.ActiveCfg = Release|Any CPU
		{6A4AB78C-F7BD-43D3-953D-384503912845}.Release|Any CPU.Build.0 = Release|Any CPU
		{8F905395-CBE0-44AA-A228-AF917E6BEC00}.Debug|Any CPU.ActiveCfg = Debug|Any CPU
		{8F905395-CBE0-44AA-A228-AF917E6BEC00}.Debug|Any CPU.Build.0 = Debug|Any CPU
		{8F905395-CBE0-44AA-A228-AF917E6BEC00}.Release|Any CPU.ActiveCfg = Release|Any CPU
		{8F905395-CBE0-44AA-A228-AF917E6BEC00}.Release|Any CPU.Build.0 = Release|Any CPU
		{041360D5-12D5-4B39-9F60-3BC497778270}.Debug|Any CPU.ActiveCfg = Debug|Any CPU
		{041360D5-12D5-4B39-9F60-3BC497778270}.Debug|Any CPU.Build.0 = Debug|Any CPU
		{041360D5-12D5-4B39-9F60-3BC497778270}.Release|Any CPU.ActiveCfg = Release|Any CPU
		{041360D5-12D5-4B39-9F60-3BC497778270}.Release|Any CPU.Build.0 = Release|Any CPU
		{B02498EE-151A-48BB-8C40-FA1ABD595E08}.Debug|Any CPU.ActiveCfg = Debug|Any CPU
		{B02498EE-151A-48BB-8C40-FA1ABD595E08}.Debug|Any CPU.Build.0 = Debug|Any CPU
		{B02498EE-151A-48BB-8C40-FA1ABD595E08}.Release|Any CPU.ActiveCfg = Release|Any CPU
		{B02498EE-151A-48BB-8C40-FA1ABD595E08}.Release|Any CPU.Build.0 = Release|Any CPU
	EndGlobalSection
	GlobalSection(SolutionProperties) = preSolution
		HideSolutionNode = FALSE
	EndGlobalSection
	GlobalSection(NestedProjects) = preSolution
		{EC43908A-1960-4749-8D22-D97FB8B50FBC} = {344EE6A3-9612-4BA4-A2B0-B9B5B43AF93F}
		{5EB76546-6624-40C9-9F7D-445A0B4539CF} = {344EE6A3-9612-4BA4-A2B0-B9B5B43AF93F}
	EndGlobalSection
	GlobalSection(ExtensibilityGlobals) = postSolution
		SolutionGuid = {512C572C-89A2-44B4-99E0-7E5771A3D5BB}
	EndGlobalSection
EndGlobal
